
Microsoft Visual Studio Solution File, Format Version 12.00
# Visual Studio 14
VisualStudioVersion = 14.0.25420.1
MinimumVisualStudioVersion = 10.0.40219.1
Project("{FAE04EC0-301F-11D3-BF4B-00C04F79EFBC}") = "NewMVCMusicStore", "NewMVCMusicStore\NewMVCMusicStore.csproj", "{4168542A-D413-4EB8-AE09-20C827660A40}"
EndProject
Project("{FAE04EC0-301F-11D3-BF4B-00C04F79EFBC}") = "NewMVCMusicStore.Tests", "NewMVCMusicStore.Tests\NewMVCMusicStore.Tests.csproj", "{654243DA-9D14-4B44-8A55-84E7C8F4EAD4}"
EndProject
Global
	GlobalSection(SolutionConfigurationPlatforms) = preSolution
		Debug|Any CPU = Debug|Any CPU
		Release|Any CPU = Release|Any CPU
	EndGlobalSection
	GlobalSection(ProjectConfigurationPlatforms) = postSolution
		{4168542A-D413-4EB8-AE09-20C827660A40}.Debug|Any CPU.ActiveCfg = Debug|Any CPU
		{4168542A-D413-4EB8-AE09-20C827660A40}.Debug|Any CPU.Build.0 = Debug|Any CPU
		{4168542A-D413-4EB8-AE09-20C827660A40}.Release|Any CPU.ActiveCfg = Release|Any CPU
		{4168542A-D413-4EB8-AE09-20C827660A40}.Release|Any CPU.Build.0 = Release|Any CPU
		{654243DA-9D14-4B44-8A55-84E7C8F4EAD4}.Debug|Any CPU.ActiveCfg = Debug|Any CPU
		{654243DA-9D14-4B44-8A55-84E7C8F4EAD4}.Debug|Any CPU.Build.0 = Debug|Any CPU
		{654243DA-9D14-4B44-8A55-84E7C8F4EAD4}.Release|Any CPU.ActiveCfg = Release|Any CPU
		{654243DA-9D14-4B44-8A55-84E7C8F4EAD4}.Release|Any CPU.Build.0 = Release|Any CPU
	EndGlobalSection
	GlobalSection(SolutionProperties) = preSolution
		HideSolutionNode = FALSE
	EndGlobalSection
EndGlobal
